
Microsoft Visual Studio Solution File, Format Version 12.00
# Visual Studio 15
VisualStudioVersion = 15.0.28307.168
MinimumVisualStudioVersion = 10.0.40219.1
Project("{FAE04EC0-301F-11D3-BF4B-00C04F79EFBC}") = "QuickStartMenu", "QuickStartMenu\QuickStartMenu.csproj", "{252728AD-26CC-475F-B334-3F568386CF5E}"
EndProject
Project("{2150E333-8FDC-42A3-9474-1A3956D46DE8}") = "0_Domain", "0_Domain", "{BA68872B-BC2D-410A-8CEB-5B94B330F96C}"
EndProject
Project("{2150E333-8FDC-42A3-9474-1A3956D46DE8}") = "1_BusinessLogic", "1_BusinessLogic", "{FC7F3242-14B2-40DF-BAE1-A30BA014EAD7}"
EndProject
Project("{2150E333-8FDC-42A3-9474-1A3956D46DE8}") = "2_Infrastructure", "2_Infrastructure", "{7D9DF5CE-DAF8-4CF7-8921-572B5D0DB4E3}"
EndProject
Project("{2150E333-8FDC-42A3-9474-1A3956D46DE8}") = "3_App", "3_App", "{CB4A73A5-5E97-4E07-86F5-972A868F3C97}"
EndProject
Project("{FAE04EC0-301F-11D3-BF4B-00C04F79EFBC}") = "QuickStartMenu.Domain", "QuickStartMenu.Domain\QuickStartMenu.Domain.csproj", "{8BC46D1D-6285-4927-8542-14AA46E4006F}"
EndProject
Project("{FAE04EC0-301F-11D3-BF4B-00C04F79EFBC}") = "QuickStartMenu.Infrastructure", "QuickStartMenu.Infrastructure\QuickStartMenu.Infrastructure.csproj", "{6BE5C79A-0318-4B2D-953E-488317ADB4C7}"
EndProject
Project("{2150E333-8FDC-42A3-9474-1A3956D46DE8}") = "4_Util", "4_Util", "{EB42FC0F-E359-4D36-940D-53B97EAAEF6F}"
EndProject
Project("{FAE04EC0-301F-11D3-BF4B-00C04F79EFBC}") = "QuickStartMenu.Extensions", "QuickStartMenu.Extensions\QuickStartMenu.Extensions.csproj", "{D31A71E2-EC86-4115-B144-B78E370F2C13}"
EndProject
Global
	GlobalSection(SolutionConfigurationPlatforms) = preSolution
		Debug|Any CPU = Debug|Any CPU
		Release|Any CPU = Release|Any CPU
	EndGlobalSection
	GlobalSection(ProjectConfigurationPlatforms) = postSolution
		{252728AD-26CC-475F-B334-3F568386CF5E}.Debug|Any CPU.ActiveCfg = Debug|Any CPU
		{252728AD-26CC-475F-B334-3F568386CF5E}.Debug|Any CPU.Build.0 = Debug|Any CPU
		{252728AD-26CC-475F-B334-3F568386CF5E}.Release|Any CPU.ActiveCfg = Release|Any CPU
		{252728AD-26CC-475F-B334-3F568386CF5E}.Release|Any CPU.Build.0 = Release|Any CPU
		{8BC46D1D-6285-4927-8542-14AA46E4006F}.Debug|Any CPU.ActiveCfg = Debug|Any CPU
		{8BC46D1D-6285-4927-8542-14AA46E4006F}.Debug|Any CPU.Build.0 = Debug|Any CPU
		{8BC46D1D-6285-4927-8542-14AA46E4006F}.Release|Any CPU.ActiveCfg = Release|Any CPU
		{8BC46D1D-6285-4927-8542-14AA46E4006F}.Release|Any CPU.Build.0 = Release|Any CPU
		{6BE5C79A-0318-4B2D-953E-488317ADB4C7}.Debug|Any CPU.ActiveCfg = Debug|Any CPU
		{6BE5C79A-0318-4B2D-953E-488317ADB4C7}.Debug|Any CPU.Build.0 = Debug|Any CPU
		{6BE5C79A-0318-4B2D-953E-488317ADB4C7}.Release|Any CPU.ActiveCfg = Release|Any CPU
		{6BE5C79A-0318-4B2D-953E-488317ADB4C7}.Release|Any CPU.Build.0 = Release|Any CPU
		{D31A71E2-EC86-4115-B144-B78E370F2C13}.Debug|Any CPU.ActiveCfg = Debug|Any CPU
		{D31A71E2-EC86-4115-B144-B78E370F2C13}.Debug|Any CPU.Build.0 = Debug|Any CPU
		{D31A71E2-EC86-4115-B144-B78E370F2C13}.Release|Any CPU.ActiveCfg = Release|Any CPU
		{D31A71E2-EC86-4115-B144-B78E370F2C13}.Release|Any CPU.Build.0 = Release|Any CPU
	EndGlobalSection
	GlobalSection(SolutionProperties) = preSolution
		HideSolutionNode = FALSE
	EndGlobalSection
	GlobalSection(NestedProjects) = preSolution
		{252728AD-26CC-475F-B334-3F568386CF5E} = {CB4A73A5-5E97-4E07-86F5-972A868F3C97}
		{8BC46D1D-6285-4927-8542-14AA46E4006F} = {BA68872B-BC2D-410A-8CEB-5B94B330F96C}
		{6BE5C79A-0318-4B2D-953E-488317ADB4C7} = {7D9DF5CE-DAF8-4CF7-8921-572B5D0DB4E3}
		{D31A71E2-EC86-4115-B144-B78E370F2C13} = {EB42FC0F-E359-4D36-940D-53B97EAAEF6F}
	EndGlobalSection
	GlobalSection(ExtensibilityGlobals) = postSolution
		SolutionGuid = {9097785A-91C0-4D08-9AFA-2E0DC20EE686}
	EndGlobalSection
EndGlobal
